
Microsoft Visual Studio Solution File, Format Version 12.00
# Visual Studio 15
VisualStudioVersion = 15.0.27004.2009
MinimumVisualStudioVersion = 10.0.40219.1
Project("{FAE04EC0-301F-11D3-BF4B-00C04F79EFBC}") = "Windows", "MyParser\Windows.csproj", "{6E72B6CD-F2AB-4865-B87A-63350D4226E1}"
EndProject
Project("{FAE04EC0-301F-11D3-BF4B-00C04F79EFBC}") = "PortableBusinessLayer", "MyParserBusinessLayer\PortableBusinessLayer.csproj", "{EC51BEAE-72B9-4402-A96F-D43250997B84}"
EndProject
Project("{FAE04EC0-301F-11D3-BF4B-00C04F79EFBC}") = "Common", "MyParserServices\Common.csproj", "{731C812D-CE7A-46D7-A314-3E187D7D2852}"
EndProject
Project("{FAE04EC0-301F-11D3-BF4B-00C04F79EFBC}") = "WebApi", "Oss.WebApi\WebApi.csproj", "{C1F76A58-C155-445B-940B-29430583F17E}"
EndProject
Project("{FAE04EC0-301F-11D3-BF4B-00C04F79EFBC}") = "Web", "Web\Web.csproj", "{6B6E1A49-BFFC-4A97-BC8E-31FD31E81E4A}"
EndProject
Project("{FAE04EC0-301F-11D3-BF4B-00C04F79EFBC}") = "BusinessLayer", "BusinessLayer\BusinessLayer.csproj", "{4154D857-D462-4C3E-A13D-B2B138F8D032}"
EndProject
Project("{FAE04EC0-301F-11D3-BF4B-00C04F79EFBC}") = "Dal", "Dal\Dal.csproj", "{3B0B55E4-3BB5-4CAD-984A-2D8DC7C139F2}"
EndProject
Project("{FAE04EC0-301F-11D3-BF4B-00C04F79EFBC}") = "DataServiceInterfaces", "DataServiceInterfaces\DataServiceInterfaces.csproj", "{67F1E5CA-BAA8-45DD-AA0C-58C8F9B3E80E}"
EndProject
Project("{FAE04EC0-301F-11D3-BF4B-00C04F79EFBC}") = "TestPlayground", "TestPlayGround\TestPlayground.csproj", "{27210FA8-D32C-4511-9251-C97E5DABC919}"
EndProject
Global
	GlobalSection(SolutionConfigurationPlatforms) = preSolution
		Ad-Hoc|Any CPU = Ad-Hoc|Any CPU
		Ad-Hoc|ARM = Ad-Hoc|ARM
		Ad-Hoc|iPhone = Ad-Hoc|iPhone
		Ad-Hoc|iPhoneSimulator = Ad-Hoc|iPhoneSimulator
		Ad-Hoc|x64 = Ad-Hoc|x64
		Ad-Hoc|x86 = Ad-Hoc|x86
		AppStore|Any CPU = AppStore|Any CPU
		AppStore|ARM = AppStore|ARM
		AppStore|iPhone = AppStore|iPhone
		AppStore|iPhoneSimulator = AppStore|iPhoneSimulator
		AppStore|x64 = AppStore|x64
		AppStore|x86 = AppStore|x86
		Debug|Any CPU = Debug|Any CPU
		Debug|ARM = Debug|ARM
		Debug|iPhone = Debug|iPhone
		Debug|iPhoneSimulator = Debug|iPhoneSimulator
		Debug|x64 = Debug|x64
		Debug|x86 = Debug|x86
		Release|Any CPU = Release|Any CPU
		Release|ARM = Release|ARM
		Release|iPhone = Release|iPhone
		Release|iPhoneSimulator = Release|iPhoneSimulator
		Release|x64 = Release|x64
		Release|x86 = Release|x86
	EndGlobalSection
	GlobalSection(ProjectConfigurationPlatforms) = postSolution
		{6E72B6CD-F2AB-4865-B87A-63350D4226E1}.Ad-Hoc|Any CPU.ActiveCfg = Release|Any CPU
		{6E72B6CD-F2AB-4865-B87A-63350D4226E1}.Ad-Hoc|Any CPU.Build.0 = Release|Any CPU
		{6E72B6CD-F2AB-4865-B87A-63350D4226E1}.Ad-Hoc|ARM.ActiveCfg = Release|Any CPU
		{6E72B6CD-F2AB-4865-B87A-63350D4226E1}.Ad-Hoc|ARM.Build.0 = Release|Any CPU
		{6E72B6CD-F2AB-4865-B87A-63350D4226E1}.Ad-Hoc|iPhone.ActiveCfg = Release|Any CPU
		{6E72B6CD-F2AB-4865-B87A-63350D4226E1}.Ad-Hoc|iPhone.Build.0 = Release|Any CPU
		{6E72B6CD-F2AB-4865-B87A-63350D4226E1}.Ad-Hoc|iPhoneSimulator.ActiveCfg = Release|Any CPU
		{6E72B6CD-F2AB-4865-B87A-63350D4226E1}.Ad-Hoc|iPhoneSimulator.Build.0 = Release|Any CPU
		{6E72B6CD-F2AB-4865-B87A-63350D4226E1}.Ad-Hoc|x64.ActiveCfg = Release|Any CPU
		{6E72B6CD-F2AB-4865-B87A-63350D4226E1}.Ad-Hoc|x64.Build.0 = Release|Any CPU
		{6E72B6CD-F2AB-4865-B87A-63350D4226E1}.Ad-Hoc|x86.ActiveCfg = Release|Any CPU
		{6E72B6CD-F2AB-4865-B87A-63350D4226E1}.Ad-Hoc|x86.Build.0 = Release|Any CPU
		{6E72B6CD-F2AB-4865-B87A-63350D4226E1}.AppStore|Any CPU.ActiveCfg = Release|Any CPU
		{6E72B6CD-F2AB-4865-B87A-63350D4226E1}.AppStore|Any CPU.Build.0 = Release|Any CPU
		{6E72B6CD-F2AB-4865-B87A-63350D4226E1}.AppStore|ARM.ActiveCfg = Release|Any CPU
		{6E72B6CD-F2AB-4865-B87A-63350D4226E1}.AppStore|ARM.Build.0 = Release|Any CPU
		{6E72B6CD-F2AB-4865-B87A-63350D4226E1}.AppStore|iPhone.ActiveCfg = Release|Any CPU
		{6E72B6CD-F2AB-4865-B87A-63350D4226E1}.AppStore|iPhone.Build.0 = Release|Any CPU
		{6E72B6CD-F2AB-4865-B87A-63350D4226E1}.AppStore|iPhoneSimulator.ActiveCfg = Release|Any CPU
		{6E72B6CD-F2AB-4865-B87A-63350D4226E1}.AppStore|iPhoneSimulator.Build.0 = Release|Any CPU
		{6E72B6CD-F2AB-4865-B87A-63350D4226E1}.AppStore|x64.ActiveCfg = Release|Any CPU
		{6E72B6CD-F2AB-4865-B87A-63350D4226E1}.AppStore|x64.Build.0 = Release|Any CPU
		{6E72B6CD-F2AB-4865-B87A-63350D4226E1}.AppStore|x86.ActiveCfg = Release|Any CPU
		{6E72B6CD-F2AB-4865-B87A-63350D4226E1}.AppStore|x86.Build.0 = Release|Any CPU
		{6E72B6CD-F2AB-4865-B87A-63350D4226E1}.Debug|Any CPU.ActiveCfg = Debug|Any CPU
		{6E72B6CD-F2AB-4865-B87A-63350D4226E1}.Debug|Any CPU.Build.0 = Debug|Any CPU
		{6E72B6CD-F2AB-4865-B87A-63350D4226E1}.Debug|ARM.ActiveCfg = Debug|Any CPU
		{6E72B6CD-F2AB-4865-B87A-63350D4226E1}.Debug|ARM.Build.0 = Debug|Any CPU
		{6E72B6CD-F2AB-4865-B87A-63350D4226E1}.Debug|iPhone.ActiveCfg = Debug|Any CPU
		{6E72B6CD-F2AB-4865-B87A-63350D4226E1}.Debug|iPhone.Build.0 = Debug|Any CPU
		{6E72B6CD-F2AB-4865-B87A-63350D4226E1}.Debug|iPhoneSimulator.ActiveCfg = Debug|Any CPU
		{6E72B6CD-F2AB-4865-B87A-63350D4226E1}.Debug|iPhoneSimulator.Build.0 = Debug|Any CPU
		{6E72B6CD-F2AB-4865-B87A-63350D4226E1}.Debug|x64.ActiveCfg = Debug|Any CPU
		{6E72B6CD-F2AB-4865-B87A-63350D4226E1}.Debug|x64.Build.0 = Debug|Any CPU
		{6E72B6CD-F2AB-4865-B87A-63350D4226E1}.Debug|x86.ActiveCfg = Debug|Any CPU
		{6E72B6CD-F2AB-4865-B87A-63350D4226E1}.Debug|x86.Build.0 = Debug|Any CPU
		{6E72B6CD-F2AB-4865-B87A-63350D4226E1}.Release|Any CPU.ActiveCfg = Release|Any CPU
		{6E72B6CD-F2AB-4865-B87A-63350D4226E1}.Release|Any CPU.Build.0 = Release|Any CPU
		{6E72B6CD-F2AB-4865-B87A-63350D4226E1}.Release|ARM.ActiveCfg = Release|Any CPU
		{6E72B6CD-F2AB-4865-B87A-63350D4226E1}.Release|ARM.Build.0 = Release|Any CPU
		{6E72B6CD-F2AB-4865-B87A-63350D4226E1}.Release|iPhone.ActiveCfg = Release|Any CPU
		{6E72B6CD-F2AB-4865-B87A-63350D4226E1}.Release|iPhone.Build.0 = Release|Any CPU
		{6E72B6CD-F2AB-4865-B87A-63350D4226E1}.Release|iPhoneSimulator.ActiveCfg = Release|Any CPU
		{6E72B6CD-F2AB-4865-B87A-63350D4226E1}.Release|iPhoneSimulator.Build.0 = Release|Any CPU
		{6E72B6CD-F2AB-4865-B87A-63350D4226E1}.Release|x64.ActiveCfg = Release|Any CPU
		{6E72B6CD-F2AB-4865-B87A-63350D4226E1}.Release|x64.Build.0 = Release|Any CPU
		{6E72B6CD-F2AB-4865-B87A-63350D4226E1}.Release|x86.ActiveCfg = Release|Any CPU
		{6E72B6CD-F2AB-4865-B87A-63350D4226E1}.Release|x86.Build.0 = Release|Any CPU
		{EC51BEAE-72B9-4402-A96F-D43250997B84}.Ad-Hoc|Any CPU.ActiveCfg = Release|Any CPU
		{EC51BEAE-72B9-4402-A96F-D43250997B84}.Ad-Hoc|Any CPU.Build.0 = Release|Any CPU
		{EC51BEAE-72B9-4402-A96F-D43250997B84}.Ad-Hoc|ARM.ActiveCfg = Release|Any CPU
		{EC51BEAE-72B9-4402-A96F-D43250997B84}.Ad-Hoc|ARM.Build.0 = Release|Any CPU
		{EC51BEAE-72B9-4402-A96F-D43250997B84}.Ad-Hoc|iPhone.ActiveCfg = Release|Any CPU
		{EC51BEAE-72B9-4402-A96F-D43250997B84}.Ad-Hoc|iPhone.Build.0 = Release|Any CPU
		{EC51BEAE-72B9-4402-A96F-D43250997B84}.Ad-Hoc|iPhoneSimulator.ActiveCfg = Release|Any CPU
		{EC51BEAE-72B9-4402-A96F-D43250997B84}.Ad-Hoc|iPhoneSimulator.Build.0 = Release|Any CPU
		{EC51BEAE-72B9-4402-A96F-D43250997B84}.Ad-Hoc|x64.ActiveCfg = Release|Any CPU
		{EC51BEAE-72B9-4402-A96F-D43250997B84}.Ad-Hoc|x64.Build.0 = Release|Any CPU
		{EC51BEAE-72B9-4402-A96F-D43250997B84}.Ad-Hoc|x86.ActiveCfg = Release|Any CPU
		{EC51BEAE-72B9-4402-A96F-D43250997B84}.Ad-Hoc|x86.Build.0 = Release|Any CPU
		{EC51BEAE-72B9-4402-A96F-D43250997B84}.AppStore|Any CPU.ActiveCfg = Release|Any CPU
		{EC51BEAE-72B9-4402-A96F-D43250997B84}.AppStore|Any CPU.Build.0 = Release|Any CPU
		{EC51BEAE-72B9-4402-A96F-D43250997B84}.AppStore|ARM.ActiveCfg = Release|Any CPU
		{EC51BEAE-72B9-4402-A96F-D43250997B84}.AppStore|ARM.Build.0 = Release|Any CPU
		{EC51BEAE-72B9-4402-A96F-D43250997B84}.AppStore|iPhone.ActiveCfg = Release|Any CPU
		{EC51BEAE-72B9-4402-A96F-D43250997B84}.AppStore|iPhone.Build.0 = Release|Any CPU
		{EC51BEAE-72B9-4402-A96F-D43250997B84}.AppStore|iPhoneSimulator.ActiveCfg = Release|Any CPU
		{EC51BEAE-72B9-4402-A96F-D43250997B84}.AppStore|iPhoneSimulator.Build.0 = Release|Any CPU
		{EC51BEAE-72B9-4402-A96F-D43250997B84}.AppStore|x64.ActiveCfg = Release|Any CPU
		{EC51BEAE-72B9-4402-A96F-D43250997B84}.AppStore|x64.Build.0 = Release|Any CPU
		{EC51BEAE-72B9-4402-A96F-D43250997B84}.AppStore|x86.ActiveCfg = Release|Any CPU
		{EC51BEAE-72B9-4402-A96F-D43250997B84}.AppStore|x86.Build.0 = Release|Any CPU
		{EC51BEAE-72B9-4402-A96F-D43250997B84}.Debug|Any CPU.ActiveCfg = Debug|Any CPU
		{EC51BEAE-72B9-4402-A96F-D43250997B84}.Debug|Any CPU.Build.0 = Debug|Any CPU
		{EC51BEAE-72B9-4402-A96F-D43250997B84}.Debug|ARM.ActiveCfg = Debug|Any CPU
		{EC51BEAE-72B9-4402-A96F-D43250997B84}.Debug|ARM.Build.0 = Debug|Any CPU
		{EC51BEAE-72B9-4402-A96F-D43250997B84}.Debug|iPhone.ActiveCfg = Debug|Any CPU
		{EC51BEAE-72B9-4402-A96F-D43250997B84}.Debug|iPhone.Build.0 = Debug|Any CPU
		{EC51BEAE-72B9-4402-A96F-D43250997B84}.Debug|iPhoneSimulator.ActiveCfg = Debug|Any CPU
		{EC51BEAE-72B9-4402-A96F-D43250997B84}.Debug|iPhoneSimulator.Build.0 = Debug|Any CPU
		{EC51BEAE-72B9-4402-A96F-D43250997B84}.Debug|x64.ActiveCfg = Debug|Any CPU
		{EC51BEAE-72B9-4402-A96F-D43250997B84}.Debug|x64.Build.0 = Debug|Any CPU
		{EC51BEAE-72B9-4402-A96F-D43250997B84}.Debug|x86.ActiveCfg = Debug|Any CPU
		{EC51BEAE-72B9-4402-A96F-D43250997B84}.Debug|x86.Build.0 = Debug|Any CPU
		{EC51BEAE-72B9-4402-A96F-D43250997B84}.Release|Any CPU.ActiveCfg = Release|Any CPU
		{EC51BEAE-72B9-4402-A96F-D43250997B84}.Release|Any CPU.Build.0 = Release|Any CPU
		{EC51BEAE-72B9-4402-A96F-D43250997B84}.Release|ARM.ActiveCfg = Release|Any CPU
		{EC51BEAE-72B9-4402-A96F-D43250997B84}.Release|ARM.Build.0 = Release|Any CPU
		{EC51BEAE-72B9-4402-A96F-D43250997B84}.Release|iPhone.ActiveCfg = Release|Any CPU
		{EC51BEAE-72B9-4402-A96F-D43250997B84}.Release|iPhone.Build.0 = Release|Any CPU
		{EC51BEAE-72B9-4402-A96F-D43250997B84}.Release|iPhoneSimulator.ActiveCfg = Release|Any CPU
		{EC51BEAE-72B9-4402-A96F-D43250997B84}.Release|iPhoneSimulator.Build.0 = Release|Any CPU
		{EC51BEAE-72B9-4402-A96F-D43250997B84}.Release|x64.ActiveCfg = Release|Any CPU
		{EC51BEAE-72B9-4402-A96F-D43250997B84}.Release|x64.Build.0 = Release|Any CPU
		{EC51BEAE-72B9-4402-A96F-D43250997B84}.Release|x86.ActiveCfg = Release|Any CPU
		{EC51BEAE-72B9-4402-A96F-D43250997B84}.Release|x86.Build.0 = Release|Any CPU
		{731C812D-CE7A-46D7-A314-3E187D7D2852}.Ad-Hoc|Any CPU.ActiveCfg = Release|Any CPU
		{731C812D-CE7A-46D7-A314-3E187D7D2852}.Ad-Hoc|Any CPU.Build.0 = Release|Any CPU
		{731C812D-CE7A-46D7-A314-3E187D7D2852}.Ad-Hoc|ARM.ActiveCfg = Release|Any CPU
		{731C812D-CE7A-46D7-A314-3E187D7D2852}.Ad-Hoc|ARM.Build.0 = Release|Any CPU
		{731C812D-CE7A-46D7-A314-3E187D7D2852}.Ad-Hoc|iPhone.ActiveCfg = Release|Any CPU
		{731C812D-CE7A-46D7-A314-3E187D7D2852}.Ad-Hoc|iPhone.Build.0 = Release|Any CPU
		{731C812D-CE7A-46D7-A314-3E187D7D2852}.Ad-Hoc|iPhoneSimulator.ActiveCfg = Release|Any CPU
		{731C812D-CE7A-46D7-A314-3E187D7D2852}.Ad-Hoc|iPhoneSimulator.Build.0 = Release|Any CPU
		{731C812D-CE7A-46D7-A314-3E187D7D2852}.Ad-Hoc|x64.ActiveCfg = Release|Any CPU
		{731C812D-CE7A-46D7-A314-3E187D7D2852}.Ad-Hoc|x64.Build.0 = Release|Any CPU
		{731C812D-CE7A-46D7-A314-3E187D7D2852}.Ad-Hoc|x86.ActiveCfg = Release|Any CPU
		{731C812D-CE7A-46D7-A314-3E187D7D2852}.Ad-Hoc|x86.Build.0 = Release|Any CPU
		{731C812D-CE7A-46D7-A314-3E187D7D2852}.AppStore|Any CPU.ActiveCfg = Release|Any CPU
		{731C812D-CE7A-46D7-A314-3E187D7D2852}.AppStore|Any CPU.Build.0 = Release|Any CPU
		{731C812D-CE7A-46D7-A314-3E187D7D2852}.AppStore|ARM.ActiveCfg = Release|Any CPU
		{731C812D-CE7A-46D7-A314-3E187D7D2852}.AppStore|ARM.Build.0 = Release|Any CPU
		{731C812D-CE7A-46D7-A314-3E187D7D2852}.AppStore|iPhone.ActiveCfg = Release|Any CPU
		{731C812D-CE7A-46D7-A314-3E187D7D2852}.AppStore|iPhone.Build.0 = Release|Any CPU
		{731C812D-CE7A-46D7-A314-3E187D7D2852}.AppStore|iPhoneSimulator.ActiveCfg = Release|Any CPU
		{731C812D-CE7A-46D7-A314-3E187D7D2852}.AppStore|iPhoneSimulator.Build.0 = Release|Any CPU
		{731C812D-CE7A-46D7-A314-3E187D7D2852}.AppStore|x64.ActiveCfg = Release|Any CPU
		{731C812D-CE7A-46D7-A314-3E187D7D2852}.AppStore|x64.Build.0 = Release|Any CPU
		{731C812D-CE7A-46D7-A314-3E187D7D2852}.AppStore|x86.ActiveCfg = Release|Any CPU
		{731C812D-CE7A-46D7-A314-3E187D7D2852}.AppStore|x86.Build.0 = Release|Any CPU
		{731C812D-CE7A-46D7-A314-3E187D7D2852}.Debug|Any CPU.ActiveCfg = Debug|Any CPU
		{731C812D-CE7A-46D7-A314-3E187D7D2852}.Debug|Any CPU.Build.0 = Debug|Any CPU
		{731C812D-CE7A-46D7-A314-3E187D7D2852}.Debug|ARM.ActiveCfg = Debug|Any CPU
		{731C812D-CE7A-46D7-A314-3E187D7D2852}.Debug|ARM.Build.0 = Debug|Any CPU
		{731C812D-CE7A-46D7-A314-3E187D7D2852}.Debug|iPhone.ActiveCfg = Debug|Any CPU
		{731C812D-CE7A-46D7-A314-3E187D7D2852}.Debug|iPhone.Build.0 = Debug|Any CPU
		{731C812D-CE7A-46D7-A314-3E187D7D2852}.Debug|iPhoneSimulator.ActiveCfg = Debug|Any CPU
		{731C812D-CE7A-46D7-A314-3E187D7D2852}.Debug|iPhoneSimulator.Build.0 = Debug|Any CPU
		{731C812D-CE7A-46D7-A314-3E187D7D2852}.Debug|x64.ActiveCfg = Debug|Any CPU
		{731C812D-CE7A-46D7-A314-3E187D7D2852}.Debug|x64.Build.0 = Debug|Any CPU
		{731C812D-CE7A-46D7-A314-3E187D7D2852}.Debug|x86.ActiveCfg = Debug|Any CPU
		{731C812D-CE7A-46D7-A314-3E187D7D2852}.Debug|x86.Build.0 = Debug|Any CPU
		{731C812D-CE7A-46D7-A314-3E187D7D2852}.Release|Any CPU.ActiveCfg = Release|Any CPU
		{731C812D-CE7A-46D7-A314-3E187D7D2852}.Release|Any CPU.Build.0 = Release|Any CPU
		{731C812D-CE7A-46D7-A314-3E187D7D2852}.Release|ARM.ActiveCfg = Release|Any CPU
		{731C812D-CE7A-46D7-A314-3E187D7D2852}.Release|ARM.Build.0 = Release|Any CPU
		{731C812D-CE7A-46D7-A314-3E187D7D2852}.Release|iPhone.ActiveCfg = Release|Any CPU
		{731C812D-CE7A-46D7-A314-3E187D7D2852}.Release|iPhone.Build.0 = Release|Any CPU
		{731C812D-CE7A-46D7-A314-3E187D7D2852}.Release|iPhoneSimulator.ActiveCfg = Release|Any CPU
		{731C812D-CE7A-46D7-A314-3E187D7D2852}.Release|iPhoneSimulator.Build.0 = Release|Any CPU
		{731C812D-CE7A-46D7-A314-3E187D7D2852}.Release|x64.ActiveCfg = Release|Any CPU
		{731C812D-CE7A-46D7-A314-3E187D7D2852}.Release|x64.Build.0 = Release|Any CPU
		{731C812D-CE7A-46D7-A314-3E187D7D2852}.Release|x86.ActiveCfg = Release|Any CPU
		{731C812D-CE7A-46D7-A314-3E187D7D2852}.Release|x86.Build.0 = Release|Any CPU
		{C1F76A58-C155-445B-940B-29430583F17E}.Ad-Hoc|Any CPU.ActiveCfg = Release|Any CPU
		{C1F76A58-C155-445B-940B-29430583F17E}.Ad-Hoc|Any CPU.Build.0 = Release|Any CPU
		{C1F76A58-C155-445B-940B-29430583F17E}.Ad-Hoc|ARM.ActiveCfg = Release|Any CPU
		{C1F76A58-C155-445B-940B-29430583F17E}.Ad-Hoc|ARM.Build.0 = Release|Any CPU
		{C1F76A58-C155-445B-940B-29430583F17E}.Ad-Hoc|iPhone.ActiveCfg = Release|Any CPU
		{C1F76A58-C155-445B-940B-29430583F17E}.Ad-Hoc|iPhone.Build.0 = Release|Any CPU
		{C1F76A58-C155-445B-940B-29430583F17E}.Ad-Hoc|iPhoneSimulator.ActiveCfg = Release|Any CPU
		{C1F76A58-C155-445B-940B-29430583F17E}.Ad-Hoc|iPhoneSimulator.Build.0 = Release|Any CPU
		{C1F76A58-C155-445B-940B-29430583F17E}.Ad-Hoc|x64.ActiveCfg = Release|Any CPU
		{C1F76A58-C155-445B-940B-29430583F17E}.Ad-Hoc|x64.Build.0 = Release|Any CPU
		{C1F76A58-C155-445B-940B-29430583F17E}.Ad-Hoc|x86.ActiveCfg = Release|Any CPU
		{C1F76A58-C155-445B-940B-29430583F17E}.Ad-Hoc|x86.Build.0 = Release|Any CPU
		{C1F76A58-C155-445B-940B-29430583F17E}.AppStore|Any CPU.ActiveCfg = Release|Any CPU
		{C1F76A58-C155-445B-940B-29430583F17E}.AppStore|Any CPU.Build.0 = Release|Any CPU
		{C1F76A58-C155-445B-940B-29430583F17E}.AppStore|ARM.ActiveCfg = Release|Any CPU
		{C1F76A58-C155-445B-940B-29430583F17E}.AppStore|ARM.Build.0 = Release|Any CPU
		{C1F76A58-C155-445B-940B-29430583F17E}.AppStore|iPhone.ActiveCfg = Release|Any CPU
		{C1F76A58-C155-445B-940B-29430583F17E}.AppStore|iPhone.Build.0 = Release|Any CPU
		{C1F76A58-C155-445B-940B-29430583F17E}.AppStore|iPhoneSimulator.ActiveCfg = Release|Any CPU
		{C1F76A58-C155-445B-940B-29430583F17E}.AppStore|iPhoneSimulator.Build.0 = Release|Any CPU
		{C1F76A58-C155-445B-940B-29430583F17E}.AppStore|x64.ActiveCfg = Release|Any CPU
		{C1F76A58-C155-445B-940B-29430583F17E}.AppStore|x64.Build.0 = Release|Any CPU
		{C1F76A58-C155-445B-940B-29430583F17E}.AppStore|x86.ActiveCfg = Release|Any CPU
		{C1F76A58-C155-445B-940B-29430583F17E}.AppStore|x86.Build.0 = Release|Any CPU
		{C1F76A58-C155-445B-940B-29430583F17E}.Debug|Any CPU.ActiveCfg = Debug|Any CPU
		{C1F76A58-C155-445B-940B-29430583F17E}.Debug|Any CPU.Build.0 = Debug|Any CPU
		{C1F76A58-C155-445B-940B-29430583F17E}.Debug|ARM.ActiveCfg = Debug|Any CPU
		{C1F76A58-C155-445B-940B-29430583F17E}.Debug|ARM.Build.0 = Debug|Any CPU
		{C1F76A58-C155-445B-940B-29430583F17E}.Debug|iPhone.ActiveCfg = Debug|Any CPU
		{C1F76A58-C155-445B-940B-29430583F17E}.Debug|iPhone.Build.0 = Debug|Any CPU
		{C1F76A58-C155-445B-940B-29430583F17E}.Debug|iPhoneSimulator.ActiveCfg = Debug|Any CPU
		{C1F76A58-C155-445B-940B-29430583F17E}.Debug|iPhoneSimulator.Build.0 = Debug|Any CPU
		{C1F76A58-C155-445B-940B-29430583F17E}.Debug|x64.ActiveCfg = Debug|Any CPU
		{C1F76A58-C155-445B-940B-29430583F17E}.Debug|x64.Build.0 = Debug|Any CPU
		{C1F76A58-C155-445B-940B-29430583F17E}.Debug|x86.ActiveCfg = Debug|Any CPU
		{C1F76A58-C155-445B-940B-29430583F17E}.Debug|x86.Build.0 = Debug|Any CPU
		{C1F76A58-C155-445B-940B-29430583F17E}.Release|Any CPU.ActiveCfg = Release|Any CPU
		{C1F76A58-C155-445B-940B-29430583F17E}.Release|Any CPU.Build.0 = Release|Any CPU
		{C1F76A58-C155-445B-940B-29430583F17E}.Release|ARM.ActiveCfg = Release|Any CPU
		{C1F76A58-C155-445B-940B-29430583F17E}.Release|ARM.Build.0 = Release|Any CPU
		{C1F76A58-C155-445B-940B-29430583F17E}.Release|iPhone.ActiveCfg = Release|Any CPU
		{C1F76A58-C155-445B-940B-29430583F17E}.Release|iPhone.Build.0 = Release|Any CPU
		{C1F76A58-C155-445B-940B-29430583F17E}.Release|iPhoneSimulator.ActiveCfg = Release|Any CPU
		{C1F76A58-C155-445B-940B-29430583F17E}.Release|iPhoneSimulator.Build.0 = Release|Any CPU
		{C1F76A58-C155-445B-940B-29430583F17E}.Release|x64.ActiveCfg = Release|Any CPU
		{C1F76A58-C155-445B-940B-29430583F17E}.Release|x64.Build.0 = Release|Any CPU
		{C1F76A58-C155-445B-940B-29430583F17E}.Release|x86.ActiveCfg = Release|Any CPU
		{C1F76A58-C155-445B-940B-29430583F17E}.Release|x86.Build.0 = Release|Any CPU
		{6B6E1A49-BFFC-4A97-BC8E-31FD31E81E4A}.Ad-Hoc|Any CPU.ActiveCfg = Release|Any CPU
		{6B6E1A49-BFFC-4A97-BC8E-31FD31E81E4A}.Ad-Hoc|Any CPU.Build.0 = Release|Any CPU
		{6B6E1A49-BFFC-4A97-BC8E-31FD31E81E4A}.Ad-Hoc|ARM.ActiveCfg = Release|Any CPU
		{6B6E1A49-BFFC-4A97-BC8E-31FD31E81E4A}.Ad-Hoc|ARM.Build.0 = Release|Any CPU
		{6B6E1A49-BFFC-4A97-BC8E-31FD31E81E4A}.Ad-Hoc|iPhone.ActiveCfg = Release|Any CPU
		{6B6E1A49-BFFC-4A97-BC8E-31FD31E81E4A}.Ad-Hoc|iPhone.Build.0 = Release|Any CPU
		{6B6E1A49-BFFC-4A97-BC8E-31FD31E81E4A}.Ad-Hoc|iPhoneSimulator.ActiveCfg = Release|Any CPU
		{6B6E1A49-BFFC-4A97-BC8E-31FD31E81E4A}.Ad-Hoc|iPhoneSimulator.Build.0 = Release|Any CPU
		{6B6E1A49-BFFC-4A97-BC8E-31FD31E81E4A}.Ad-Hoc|x64.ActiveCfg = Release|Any CPU
		{6B6E1A49-BFFC-4A97-BC8E-31FD31E81E4A}.Ad-Hoc|x64.Build.0 = Release|Any CPU
		{6B6E1A49-BFFC-4A97-BC8E-31FD31E81E4A}.Ad-Hoc|x86.ActiveCfg = Release|Any CPU
		{6B6E1A49-BFFC-4A97-BC8E-31FD31E81E4A}.Ad-Hoc|x86.Build.0 = Release|Any CPU
		{6B6E1A49-BFFC-4A97-BC8E-31FD31E81E4A}.AppStore|Any CPU.ActiveCfg = Release|Any CPU
		{6B6E1A49-BFFC-4A97-BC8E-31FD31E81E4A}.AppStore|Any CPU.Build.0 = Release|Any CPU
		{6B6E1A49-BFFC-4A97-BC8E-31FD31E81E4A}.AppStore|ARM.ActiveCfg = Release|Any CPU
		{6B6E1A49-BFFC-4A97-BC8E-31FD31E81E4A}.AppStore|ARM.Build.0 = Release|Any CPU
		{6B6E1A49-BFFC-4A97-BC8E-31FD31E81E4A}.AppStore|iPhone.ActiveCfg = Release|Any CPU
		{6B6E1A49-BFFC-4A97-BC8E-31FD31E81E4A}.AppStore|iPhone.Build.0 = Release|Any CPU
		{6B6E1A49-BFFC-4A97-BC8E-31FD31E81E4A}.AppStore|iPhoneSimulator.ActiveCfg = Release|Any CPU
		{6B6E1A49-BFFC-4A97-BC8E-31FD31E81E4A}.AppStore|iPhoneSimulator.Build.0 = Release|Any CPU
		{6B6E1A49-BFFC-4A97-BC8E-31FD31E81E4A}.AppStore|x64.ActiveCfg = Release|Any CPU
		{6B6E1A49-BFFC-4A97-BC8E-31FD31E81E4A}.AppStore|x64.Build.0 = Release|Any CPU
		{6B6E1A49-BFFC-4A97-BC8E-31FD31E81E4A}.AppStore|x86.ActiveCfg = Release|Any CPU
		{6B6E1A49-BFFC-4A97-BC8E-31FD31E81E4A}.AppStore|x86.Build.0 = Release|Any CPU
		{6B6E1A49-BFFC-4A97-BC8E-31FD31E81E4A}.Debug|Any CPU.ActiveCfg = Debug|Any CPU
		{6B6E1A49-BFFC-4A97-BC8E-31FD31E81E4A}.Debug|Any CPU.Build.0 = Debug|Any CPU
		{6B6E1A49-BFFC-4A97-BC8E-31FD31E81E4A}.Debug|ARM.ActiveCfg = Debug|Any CPU
		{6B6E1A49-BFFC-4A97-BC8E-31FD31E81E4A}.Debug|ARM.Build.0 = Debug|Any CPU
		{6B6E1A49-BFFC-4A97-BC8E-31FD31E81E4A}.Debug|iPhone.ActiveCfg = Debug|Any CPU
		{6B6E1A49-BFFC-4A97-BC8E-31FD31E81E4A}.Debug|iPhone.Build.0 = Debug|Any CPU
		{6B6E1A49-BFFC-4A97-BC8E-31FD31E81E4A}.Debug|iPhoneSimulator.ActiveCfg = Debug|Any CPU
		{6B6E1A49-BFFC-4A97-BC8E-31FD31E81E4A}.Debug|iPhoneSimulator.Build.0 = Debug|Any CPU
		{6B6E1A49-BFFC-4A97-BC8E-31FD31E81E4A}.Debug|x64.ActiveCfg = Debug|Any CPU
		{6B6E1A49-BFFC-4A97-BC8E-31FD31E81E4A}.Debug|x64.Build.0 = Debug|Any CPU
		{6B6E1A49-BFFC-4A97-BC8E-31FD31E81E4A}.Debug|x86.ActiveCfg = Debug|Any CPU
		{6B6E1A49-BFFC-4A97-BC8E-31FD31E81E4A}.Debug|x86.Build.0 = Debug|Any CPU
		{6B6E1A49-BFFC-4A97-BC8E-31FD31E81E4A}.Release|Any CPU.ActiveCfg = Release|Any CPU
		{6B6E1A49-BFFC-4A97-BC8E-31FD31E81E4A}.Release|Any CPU.Build.0 = Release|Any CPU
		{6B6E1A49-BFFC-4A97-BC8E-31FD31E81E4A}.Release|ARM.ActiveCfg = Release|Any CPU
		{6B6E1A49-BFFC-4A97-BC8E-31FD31E81E4A}.Release|ARM.Build.0 = Release|Any CPU
		{6B6E1A49-BFFC-4A97-BC8E-31FD31E81E4A}.Release|iPhone.ActiveCfg = Release|Any CPU
		{6B6E1A49-BFFC-4A97-BC8E-31FD31E81E4A}.Release|iPhone.Build.0 = Release|Any CPU
		{6B6E1A49-BFFC-4A97-BC8E-31FD31E81E4A}.Release|iPhoneSimulator.ActiveCfg = Release|Any CPU
		{6B6E1A49-BFFC-4A97-BC8E-31FD31E81E4A}.Release|iPhoneSimulator.Build.0 = Release|Any CPU
		{6B6E1A49-BFFC-4A97-BC8E-31FD31E81E4A}.Release|x64.ActiveCfg = Release|Any CPU
		{6B6E1A49-BFFC-4A97-BC8E-31FD31E81E4A}.Release|x64.Build.0 = Release|Any CPU
		{6B6E1A49-BFFC-4A97-BC8E-31FD31E81E4A}.Release|x86.ActiveCfg = Release|Any CPU
		{6B6E1A49-BFFC-4A97-BC8E-31FD31E81E4A}.Release|x86.Build.0 = Release|Any CPU
		{4154D857-D462-4C3E-A13D-B2B138F8D032}.Ad-Hoc|Any CPU.ActiveCfg = Release|Any CPU
		{4154D857-D462-4C3E-A13D-B2B138F8D032}.Ad-Hoc|Any CPU.Build.0 = Release|Any CPU
		{4154D857-D462-4C3E-A13D-B2B138F8D032}.Ad-Hoc|ARM.ActiveCfg = Release|Any CPU
		{4154D857-D462-4C3E-A13D-B2B138F8D032}.Ad-Hoc|ARM.Build.0 = Release|Any CPU
		{4154D857-D462-4C3E-A13D-B2B138F8D032}.Ad-Hoc|iPhone.ActiveCfg = Release|Any CPU
		{4154D857-D462-4C3E-A13D-B2B138F8D032}.Ad-Hoc|iPhone.Build.0 = Release|Any CPU
		{4154D857-D462-4C3E-A13D-B2B138F8D032}.Ad-Hoc|iPhoneSimulator.ActiveCfg = Release|Any CPU
		{4154D857-D462-4C3E-A13D-B2B138F8D032}.Ad-Hoc|iPhoneSimulator.Build.0 = Release|Any CPU
		{4154D857-D462-4C3E-A13D-B2B138F8D032}.Ad-Hoc|x64.ActiveCfg = Release|Any CPU
		{4154D857-D462-4C3E-A13D-B2B138F8D032}.Ad-Hoc|x64.Build.0 = Release|Any CPU
		{4154D857-D462-4C3E-A13D-B2B138F8D032}.Ad-Hoc|x86.ActiveCfg = Release|Any CPU
		{4154D857-D462-4C3E-A13D-B2B138F8D032}.Ad-Hoc|x86.Build.0 = Release|Any CPU
		{4154D857-D462-4C3E-A13D-B2B138F8D032}.AppStore|Any CPU.ActiveCfg = Release|Any CPU
		{4154D857-D462-4C3E-A13D-B2B138F8D032}.AppStore|Any CPU.Build.0 = Release|Any CPU
		{4154D857-D462-4C3E-A13D-B2B138F8D032}.AppStore|ARM.ActiveCfg = Release|Any CPU
		{4154D857-D462-4C3E-A13D-B2B138F8D032}.AppStore|ARM.Build.0 = Release|Any CPU
		{4154D857-D462-4C3E-A13D-B2B138F8D032}.AppStore|iPhone.ActiveCfg = Release|Any CPU
		{4154D857-D462-4C3E-A13D-B2B138F8D032}.AppStore|iPhone.Build.0 = Release|Any CPU
		{4154D857-D462-4C3E-A13D-B2B138F8D032}.AppStore|iPhoneSimulator.ActiveCfg = Release|Any CPU
		{4154D857-D462-4C3E-A13D-B2B138F8D032}.AppStore|iPhoneSimulator.Build.0 = Release|Any CPU
		{4154D857-D462-4C3E-A13D-B2B138F8D032}.AppStore|x64.ActiveCfg = Release|Any CPU
		{4154D857-D462-4C3E-A13D-B2B138F8D032}.AppStore|x64.Build.0 = Release|Any CPU
		{4154D857-D462-4C3E-A13D-B2B138F8D032}.AppStore|x86.ActiveCfg = Release|Any CPU
		{4154D857-D462-4C3E-A13D-B2B138F8D032}.AppStore|x86.Build.0 = Release|Any CPU
		{4154D857-D462-4C3E-A13D-B2B138F8D032}.Debug|Any CPU.ActiveCfg = Debug|Any CPU
		{4154D857-D462-4C3E-A13D-B2B138F8D032}.Debug|Any CPU.Build.0 = Debug|Any CPU
		{4154D857-D462-4C3E-A13D-B2B138F8D032}.Debug|ARM.ActiveCfg = Debug|Any CPU
		{4154D857-D462-4C3E-A13D-B2B138F8D032}.Debug|ARM.Build.0 = Debug|Any CPU
		{4154D857-D462-4C3E-A13D-B2B138F8D032}.Debug|iPhone.ActiveCfg = Debug|Any CPU
		{4154D857-D462-4C3E-A13D-B2B138F8D032}.Debug|iPhone.Build.0 = Debug|Any CPU
		{4154D857-D462-4C3E-A13D-B2B138F8D032}.Debug|iPhoneSimulator.ActiveCfg = Debug|Any CPU
		{4154D857-D462-4C3E-A13D-B2B138F8D032}.Debug|iPhoneSimulator.Build.0 = Debug|Any CPU
		{4154D857-D462-4C3E-A13D-B2B138F8D032}.Debug|x64.ActiveCfg = Debug|Any CPU
		{4154D857-D462-4C3E-A13D-B2B138F8D032}.Debug|x64.Build.0 = Debug|Any CPU
		{4154D857-D462-4C3E-A13D-B2B138F8D032}.Debug|x86.ActiveCfg = Debug|Any CPU
		{4154D857-D462-4C3E-A13D-B2B138F8D032}.Debug|x86.Build.0 = Debug|Any CPU
		{4154D857-D462-4C3E-A13D-B2B138F8D032}.Release|Any CPU.ActiveCfg = Release|Any CPU
		{4154D857-D462-4C3E-A13D-B2B138F8D032}.Release|Any CPU.Build.0 = Release|Any CPU
		{4154D857-D462-4C3E-A13D-B2B138F8D032}.Release|ARM.ActiveCfg = Release|Any CPU
		{4154D857-D462-4C3E-A13D-B2B138F8D032}.Release|ARM.Build.0 = Release|Any CPU
		{4154D857-D462-4C3E-A13D-B2B138F8D032}.Release|iPhone.ActiveCfg = Release|Any CPU
		{4154D857-D462-4C3E-A13D-B2B138F8D032}.Release|iPhone.Build.0 = Release|Any CPU
		{4154D857-D462-4C3E-A13D-B2B138F8D032}.Release|iPhoneSimulator.ActiveCfg = Release|Any CPU
		{4154D857-D462-4C3E-A13D-B2B138F8D032}.Release|iPhoneSimulator.Build.0 = Release|Any CPU
		{4154D857-D462-4C3E-A13D-B2B138F8D032}.Release|x64.ActiveCfg = Release|Any CPU
		{4154D857-D462-4C3E-A13D-B2B138F8D032}.Release|x64.Build.0 = Release|Any CPU
		{4154D857-D462-4C3E-A13D-B2B138F8D032}.Release|x86.ActiveCfg = Release|Any CPU
		{4154D857-D462-4C3E-A13D-B2B138F8D032}.Release|x86.Build.0 = Release|Any CPU
		{3B0B55E4-3BB5-4CAD-984A-2D8DC7C139F2}.Ad-Hoc|Any CPU.ActiveCfg = Release|Any CPU
		{3B0B55E4-3BB5-4CAD-984A-2D8DC7C139F2}.Ad-Hoc|Any CPU.Build.0 = Release|Any CPU
		{3B0B55E4-3BB5-4CAD-984A-2D8DC7C139F2}.Ad-Hoc|ARM.ActiveCfg = Release|Any CPU
		{3B0B55E4-3BB5-4CAD-984A-2D8DC7C139F2}.Ad-Hoc|ARM.Build.0 = Release|Any CPU
		{3B0B55E4-3BB5-4CAD-984A-2D8DC7C139F2}.Ad-Hoc|iPhone.ActiveCfg = Release|Any CPU
		{3B0B55E4-3BB5-4CAD-984A-2D8DC7C139F2}.Ad-Hoc|iPhone.Build.0 = Release|Any CPU
		{3B0B55E4-3BB5-4CAD-984A-2D8DC7C139F2}.Ad-Hoc|iPhoneSimulator.ActiveCfg = Release|Any CPU
		{3B0B55E4-3BB5-4CAD-984A-2D8DC7C139F2}.Ad-Hoc|iPhoneSimulator.Build.0 = Release|Any CPU
		{3B0B55E4-3BB5-4CAD-984A-2D8DC7C139F2}.Ad-Hoc|x64.ActiveCfg = Release|Any CPU
		{3B0B55E4-3BB5-4CAD-984A-2D8DC7C139F2}.Ad-Hoc|x64.Build.0 = Release|Any CPU
		{3B0B55E4-3BB5-4CAD-984A-2D8DC7C139F2}.Ad-Hoc|x86.ActiveCfg = Release|Any CPU
		{3B0B55E4-3BB5-4CAD-984A-2D8DC7C139F2}.Ad-Hoc|x86.Build.0 = Release|Any CPU
		{3B0B55E4-3BB5-4CAD-984A-2D8DC7C139F2}.AppStore|Any CPU.ActiveCfg = Release|Any CPU
		{3B0B55E4-3BB5-4CAD-984A-2D8DC7C139F2}.AppStore|Any CPU.Build.0 = Release|Any CPU
		{3B0B55E4-3BB5-4CAD-984A-2D8DC7C139F2}.AppStore|ARM.ActiveCfg = Release|Any CPU
		{3B0B55E4-3BB5-4CAD-984A-2D8DC7C139F2}.AppStore|ARM.Build.0 = Release|Any CPU
		{3B0B55E4-3BB5-4CAD-984A-2D8DC7C139F2}.AppStore|iPhone.ActiveCfg = Release|Any CPU
		{3B0B55E4-3BB5-4CAD-984A-2D8DC7C139F2}.AppStore|iPhone.Build.0 = Release|Any CPU
		{3B0B55E4-3BB5-4CAD-984A-2D8DC7C139F2}.AppStore|iPhoneSimulator.ActiveCfg = Release|Any CPU
		{3B0B55E4-3BB5-4CAD-984A-2D8DC7C139F2}.AppStore|iPhoneSimulator.Build.0 = Release|Any CPU
		{3B0B55E4-3BB5-4CAD-984A-2D8DC7C139F2}.AppStore|x64.ActiveCfg = Release|Any CPU
		{3B0B55E4-3BB5-4CAD-984A-2D8DC7C139F2}.AppStore|x64.Build.0 = Release|Any CPU
		{3B0B55E4-3BB5-4CAD-984A-2D8DC7C139F2}.AppStore|x86.ActiveCfg = Release|Any CPU
		{3B0B55E4-3BB5-4CAD-984A-2D8DC7C139F2}.AppStore|x86.Build.0 = Release|Any CPU
		{3B0B55E4-3BB5-4CAD-984A-2D8DC7C139F2}.Debug|Any CPU.ActiveCfg = Debug|Any CPU
		{3B0B55E4-3BB5-4CAD-984A-2D8DC7C139F2}.Debug|Any CPU.Build.0 = Debug|Any CPU
		{3B0B55E4-3BB5-4CAD-984A-2D8DC7C139F2}.Debug|ARM.ActiveCfg = Debug|Any CPU
		{3B0B55E4-3BB5-4CAD-984A-2D8DC7C139F2}.Debug|ARM.Build.0 = Debug|Any CPU
		{3B0B55E4-3BB5-4CAD-984A-2D8DC7C139F2}.Debug|iPhone.ActiveCfg = Debug|Any CPU
		{3B0B55E4-3BB5-4CAD-984A-2D8DC7C139F2}.Debug|iPhone.Build.0 = Debug|Any CPU
		{3B0B55E4-3BB5-4CAD-984A-2D8DC7C139F2}.Debug|iPhoneSimulator.ActiveCfg = Debug|Any CPU
		{3B0B55E4-3BB5-4CAD-984A-2D8DC7C139F2}.Debug|iPhoneSimulator.Build.0 = Debug|Any CPU
		{3B0B55E4-3BB5-4CAD-984A-2D8DC7C139F2}.Debug|x64.ActiveCfg = Debug|Any CPU
		{3B0B55E4-3BB5-4CAD-984A-2D8DC7C139F2}.Debug|x64.Build.0 = Debug|Any CPU
		{3B0B55E4-3BB5-4CAD-984A-2D8DC7C139F2}.Debug|x86.ActiveCfg = Debug|Any CPU
		{3B0B55E4-3BB5-4CAD-984A-2D8DC7C139F2}.Debug|x86.Build.0 = Debug|Any CPU
		{3B0B55E4-3BB5-4CAD-984A-2D8DC7C139F2}.Release|Any CPU.ActiveCfg = Release|Any CPU
		{3B0B55E4-3BB5-4CAD-984A-2D8DC7C139F2}.Release|Any CPU.Build.0 = Release|Any CPU
		{3B0B55E4-3BB5-4CAD-984A-2D8DC7C139F2}.Release|ARM.ActiveCfg = Release|Any CPU
		{3B0B55E4-3BB5-4CAD-984A-2D8DC7C139F2}.Release|ARM.Build.0 = Release|Any CPU
		{3B0B55E4-3BB5-4CAD-984A-2D8DC7C139F2}.Release|iPhone.ActiveCfg = Release|Any CPU
		{3B0B55E4-3BB5-4CAD-984A-2D8DC7C139F2}.Release|iPhone.Build.0 = Release|Any CPU
		{3B0B55E4-3BB5-4CAD-984A-2D8DC7C139F2}.Release|iPhoneSimulator.ActiveCfg = Release|Any CPU
		{3B0B55E4-3BB5-4CAD-984A-2D8DC7C139F2}.Release|iPhoneSimulator.Build.0 = Release|Any CPU
		{3B0B55E4-3BB5-4CAD-984A-2D8DC7C139F2}.Release|x64.ActiveCfg = Release|Any CPU
		{3B0B55E4-3BB5-4CAD-984A-2D8DC7C139F2}.Release|x64.Build.0 = Release|Any CPU
		{3B0B55E4-3BB5-4CAD-984A-2D8DC7C139F2}.Release|x86.ActiveCfg = Release|Any CPU
		{3B0B55E4-3BB5-4CAD-984A-2D8DC7C139F2}.Release|x86.Build.0 = Release|Any CPU
		{67F1E5CA-BAA8-45DD-AA0C-58C8F9B3E80E}.Ad-Hoc|Any CPU.ActiveCfg = Release|Any CPU
		{67F1E5CA-BAA8-45DD-AA0C-58C8F9B3E80E}.Ad-Hoc|Any CPU.Build.0 = Release|Any CPU
		{67F1E5CA-BAA8-45DD-AA0C-58C8F9B3E80E}.Ad-Hoc|ARM.ActiveCfg = Release|Any CPU
		{67F1E5CA-BAA8-45DD-AA0C-58C8F9B3E80E}.Ad-Hoc|ARM.Build.0 = Release|Any CPU
		{67F1E5CA-BAA8-45DD-AA0C-58C8F9B3E80E}.Ad-Hoc|iPhone.ActiveCfg = Release|Any CPU
		{67F1E5CA-BAA8-45DD-AA0C-58C8F9B3E80E}.Ad-Hoc|iPhone.Build.0 = Release|Any CPU
		{67F1E5CA-BAA8-45DD-AA0C-58C8F9B3E80E}.Ad-Hoc|iPhoneSimulator.ActiveCfg = Release|Any CPU
		{67F1E5CA-BAA8-45DD-AA0C-58C8F9B3E80E}.Ad-Hoc|iPhoneSimulator.Build.0 = Release|Any CPU
		{67F1E5CA-BAA8-45DD-AA0C-58C8F9B3E80E}.Ad-Hoc|x64.ActiveCfg = Release|Any CPU
		{67F1E5CA-BAA8-45DD-AA0C-58C8F9B3E80E}.Ad-Hoc|x64.Build.0 = Release|Any CPU
		{67F1E5CA-BAA8-45DD-AA0C-58C8F9B3E80E}.Ad-Hoc|x86.ActiveCfg = Release|Any CPU
		{67F1E5CA-BAA8-45DD-AA0C-58C8F9B3E80E}.Ad-Hoc|x86.Build.0 = Release|Any CPU
		{67F1E5CA-BAA8-45DD-AA0C-58C8F9B3E80E}.AppStore|Any CPU.ActiveCfg = Release|Any CPU
		{67F1E5CA-BAA8-45DD-AA0C-58C8F9B3E80E}.AppStore|Any CPU.Build.0 = Release|Any CPU
		{67F1E5CA-BAA8-45DD-AA0C-58C8F9B3E80E}.AppStore|ARM.ActiveCfg = Release|Any CPU
		{67F1E5CA-BAA8-45DD-AA0C-58C8F9B3E80E}.AppStore|ARM.Build.0 = Release|Any CPU
		{67F1E5CA-BAA8-45DD-AA0C-58C8F9B3E80E}.AppStore|iPhone.ActiveCfg = Release|Any CPU
		{67F1E5CA-BAA8-45DD-AA0C-58C8F9B3E80E}.AppStore|iPhone.Build.0 = Release|Any CPU
		{67F1E5CA-BAA8-45DD-AA0C-58C8F9B3E80E}.AppStore|iPhoneSimulator.ActiveCfg = Release|Any CPU
		{67F1E5CA-BAA8-45DD-AA0C-58C8F9B3E80E}.AppStore|iPhoneSimulator.Build.0 = Release|Any CPU
		{67F1E5CA-BAA8-45DD-AA0C-58C8F9B3E80E}.AppStore|x64.ActiveCfg = Release|Any CPU
		{67F1E5CA-BAA8-45DD-AA0C-58C8F9B3E80E}.AppStore|x64.Build.0 = Release|Any CPU
		{67F1E5CA-BAA8-45DD-AA0C-58C8F9B3E80E}.AppStore|x86.ActiveCfg = Release|Any CPU
		{67F1E5CA-BAA8-45DD-AA0C-58C8F9B3E80E}.AppStore|x86.Build.0 = Release|Any CPU
		{67F1E5CA-BAA8-45DD-AA0C-58C8F9B3E80E}.Debug|Any CPU.ActiveCfg = Debug|Any CPU
		{67F1E5CA-BAA8-45DD-AA0C-58C8F9B3E80E}.Debug|Any CPU.Build.0 = Debug|Any CPU
		{67F1E5CA-BAA8-45DD-AA0C-58C8F9B3E80E}.Debug|ARM.ActiveCfg = Debug|Any CPU
		{67F1E5CA-BAA8-45DD-AA0C-58C8F9B3E80E}.Debug|ARM.Build.0 = Debug|Any CPU
		{67F1E5CA-BAA8-45DD-AA0C-58C8F9B3E80E}.Debug|iPhone.ActiveCfg = Debug|Any CPU
		{67F1E5CA-BAA8-45DD-AA0C-58C8F9B3E80E}.Debug|iPhone.Build.0 = Debug|Any CPU
		{67F1E5CA-BAA8-45DD-AA0C-58C8F9B3E80E}.Debug|iPhoneSimulator.ActiveCfg = Debug|Any CPU
		{67F1E5CA-BAA8-45DD-AA0C-58C8F9B3E80E}.Debug|iPhoneSimulator.Build.0 = Debug|Any CPU
		{67F1E5CA-BAA8-45DD-AA0C-58C8F9B3E80E}.Debug|x64.ActiveCfg = Debug|Any CPU
		{67F1E5CA-BAA8-45DD-AA0C-58C8F9B3E80E}.Debug|x64.Build.0 = Debug|Any CPU
		{67F1E5CA-BAA8-45DD-AA0C-58C8F9B3E80E}.Debug|x86.ActiveCfg = Debug|Any CPU
		{67F1E5CA-BAA8-45DD-AA0C-58C8F9B3E80E}.Debug|x86.Build.0 = Debug|Any CPU
		{67F1E5CA-BAA8-45DD-AA0C-58C8F9B3E80E}.Release|Any CPU.ActiveCfg = Release|Any CPU
		{67F1E5CA-BAA8-45DD-AA0C-58C8F9B3E80E}.Release|Any CPU.Build.0 = Release|Any CPU
		{67F1E5CA-BAA8-45DD-AA0C-58C8F9B3E80E}.Release|ARM.ActiveCfg = Release|Any CPU
		{67F1E5CA-BAA8-45DD-AA0C-58C8F9B3E80E}.Release|ARM.Build.0 = Release|Any CPU
		{67F1E5CA-BAA8-45DD-AA0C-58C8F9B3E80E}.Release|iPhone.ActiveCfg = Release|Any CPU
		{67F1E5CA-BAA8-45DD-AA0C-58C8F9B3E80E}.Release|iPhone.Build.0 = Release|Any CPU
		{67F1E5CA-BAA8-45DD-AA0C-58C8F9B3E80E}.Release|iPhoneSimulator.ActiveCfg = Release|Any CPU
		{67F1E5CA-BAA8-45DD-AA0C-58C8F9B3E80E}.Release|iPhoneSimulator.Build.0 = Release|Any CPU
		{67F1E5CA-BAA8-45DD-AA0C-58C8F9B3E80E}.Release|x64.ActiveCfg = Release|Any CPU
		{67F1E5CA-BAA8-45DD-AA0C-58C8F9B3E80E}.Release|x64.Build.0 = Release|Any CPU
		{67F1E5CA-BAA8-45DD-AA0C-58C8F9B3E80E}.Release|x86.ActiveCfg = Release|Any CPU
		{67F1E5CA-BAA8-45DD-AA0C-58C8F9B3E80E}.Release|x86.Build.0 = Release|Any CPU
		{27210FA8-D32C-4511-9251-C97E5DABC919}.Ad-Hoc|Any CPU.ActiveCfg = Release|Any CPU
		{27210FA8-D32C-4511-9251-C97E5DABC919}.Ad-Hoc|Any CPU.Build.0 = Release|Any CPU
		{27210FA8-D32C-4511-9251-C97E5DABC919}.Ad-Hoc|ARM.ActiveCfg = Release|Any CPU
		{27210FA8-D32C-4511-9251-C97E5DABC919}.Ad-Hoc|ARM.Build.0 = Release|Any CPU
		{27210FA8-D32C-4511-9251-C97E5DABC919}.Ad-Hoc|iPhone.ActiveCfg = Release|Any CPU
		{27210FA8-D32C-4511-9251-C97E5DABC919}.Ad-Hoc|iPhone.Build.0 = Release|Any CPU
		{27210FA8-D32C-4511-9251-C97E5DABC919}.Ad-Hoc|iPhoneSimulator.ActiveCfg = Release|Any CPU
		{27210FA8-D32C-4511-9251-C97E5DABC919}.Ad-Hoc|iPhoneSimulator.Build.0 = Release|Any CPU
		{27210FA8-D32C-4511-9251-C97E5DABC919}.Ad-Hoc|x64.ActiveCfg = Release|Any CPU
		{27210FA8-D32C-4511-9251-C97E5DABC919}.Ad-Hoc|x64.Build.0 = Release|Any CPU
		{27210FA8-D32C-4511-9251-C97E5DABC919}.Ad-Hoc|x86.ActiveCfg = Release|Any CPU
		{27210FA8-D32C-4511-9251-C97E5DABC919}.Ad-Hoc|x86.Build.0 = Release|Any CPU
		{27210FA8-D32C-4511-9251-C97E5DABC919}.AppStore|Any CPU.ActiveCfg = Release|Any CPU
		{27210FA8-D32C-4511-9251-C97E5DABC919}.AppStore|Any CPU.Build.0 = Release|Any CPU
		{27210FA8-D32C-4511-9251-C97E5DABC919}.AppStore|ARM.ActiveCfg = Release|Any CPU
		{27210FA8-D32C-4511-9251-C97E5DABC919}.AppStore|ARM.Build.0 = Release|Any CPU
		{27210FA8-D32C-4511-9251-C97E5DABC919}.AppStore|iPhone.ActiveCfg = Release|Any CPU
		{27210FA8-D32C-4511-9251-C97E5DABC919}.AppStore|iPhone.Build.0 = Release|Any CPU
		{27210FA8-D32C-4511-9251-C97E5DABC919}.AppStore|iPhoneSimulator.ActiveCfg = Release|Any CPU
		{27210FA8-D32C-4511-9251-C97E5DABC919}.AppStore|iPhoneSimulator.Build.0 = Release|Any CPU
		{27210FA8-D32C-4511-9251-C97E5DABC919}.AppStore|x64.ActiveCfg = Release|Any CPU
		{27210FA8-D32C-4511-9251-C97E5DABC919}.AppStore|x64.Build.0 = Release|Any CPU
		{27210FA8-D32C-4511-9251-C97E5DABC919}.AppStore|x86.ActiveCfg = Release|Any CPU
		{27210FA8-D32C-4511-9251-C97E5DABC919}.AppStore|x86.Build.0 = Release|Any CPU
		{27210FA8-D32C-4511-9251-C97E5DABC919}.Debug|Any CPU.ActiveCfg = Debug|Any CPU
		{27210FA8-D32C-4511-9251-C97E5DABC919}.Debug|Any CPU.Build.0 = Debug|Any CPU
		{27210FA8-D32C-4511-9251-C97E5DABC919}.Debug|ARM.ActiveCfg = Debug|Any CPU
		{27210FA8-D32C-4511-9251-C97E5DABC919}.Debug|ARM.Build.0 = Debug|Any CPU
		{27210FA8-D32C-4511-9251-C97E5DABC919}.Debug|iPhone.ActiveCfg = Debug|Any CPU
		{27210FA8-D32C-4511-9251-C97E5DABC919}.Debug|iPhone.Build.0 = Debug|Any CPU
		{27210FA8-D32C-4511-9251-C97E5DABC919}.Debug|iPhoneSimulator.ActiveCfg = Debug|Any CPU
		{27210FA8-D32C-4511-9251-C97E5DABC919}.Debug|iPhoneSimulator.Build.0 = Debug|Any CPU
		{27210FA8-D32C-4511-9251-C97E5DABC919}.Debug|x64.ActiveCfg = Debug|Any CPU
		{27210FA8-D32C-4511-9251-C97E5DABC919}.Debug|x64.Build.0 = Debug|Any CPU
		{27210FA8-D32C-4511-9251-C97E5DABC919}.Debug|x86.ActiveCfg = Debug|Any CPU
		{27210FA8-D32C-4511-9251-C97E5DABC919}.Debug|x86.Build.0 = Debug|Any CPU
		{27210FA8-D32C-4511-9251-C97E5DABC919}.Release|Any CPU.ActiveCfg = Release|Any CPU
		{27210FA8-D32C-4511-9251-C97E5DABC919}.Release|Any CPU.Build.0 = Release|Any CPU
		{27210FA8-D32C-4511-9251-C97E5DABC919}.Release|ARM.ActiveCfg = Release|Any CPU
		{27210FA8-D32C-4511-9251-C97E5DABC919}.Release|ARM.Build.0 = Release|Any CPU
		{27210FA8-D32C-4511-9251-C97E5DABC919}.Release|iPhone.ActiveCfg = Release|Any CPU
		{27210FA8-D32C-4511-9251-C97E5DABC919}.Release|iPhone.Build.0 = Release|Any CPU
		{27210FA8-D32C-4511-9251-C97E5DABC919}.Release|iPhoneSimulator.ActiveCfg = Release|Any CPU
		{27210FA8-D32C-4511-9251-C97E5DABC919}.Release|iPhoneSimulator.Build.0 = Release|Any CPU
		{27210FA8-D32C-4511-9251-C97E5DABC919}.Release|x64.ActiveCfg = Release|Any CPU
		{27210FA8-D32C-4511-9251-C97E5DABC919}.Release|x64.Build.0 = Release|Any CPU
		{27210FA8-D32C-4511-9251-C97E5DABC919}.Release|x86.ActiveCfg = Release|Any CPU
		{27210FA8-D32C-4511-9251-C97E5DABC919}.Release|x86.Build.0 = Release|Any CPU
	EndGlobalSection
	GlobalSection(SolutionProperties) = preSolution
		HideSolutionNode = FALSE
	EndGlobalSection
	GlobalSection(ExtensibilityGlobals) = postSolution
		SolutionGuid = {2920FE1B-39F1-4DA9-B560-4836ABF6E4E0}
	EndGlobalSection
EndGlobal
